
Microsoft Visual Studio Solution File, Format Version 12.00
# Visual Studio Version 16
VisualStudioVersion = 16.0.29609.76
MinimumVisualStudioVersion = 10.0.40219.1
Project("{FAE04EC0-301F-11D3-BF4B-00C04F79EFBC}") = "WinFormUI", "WinFormUI\WinFormUI.csproj", "{2F6C0FB8-C43D-4CB7-A548-1D61C15F10D7}"
EndProject
Project("{FAE04EC0-301F-11D3-BF4B-00C04F79EFBC}") = "WPFUI", "WPFUI\WPFUI.csproj", "{8752BDA4-307A-4E8C-886D-AF3276354EDD}"
EndProject
Project("{FAE04EC0-301F-11D3-BF4B-00C04F79EFBC}") = "DRYDemoLibrary", "DRYDemoLibrary\DRYDemoLibrary.csproj", "{3AB05DB4-6F8F-4793-A49F-752558188A1A}"
EndProject
Project("{FAE04EC0-301F-11D3-BF4B-00C04F79EFBC}") = "DRYDemoLibraryTest", "DRYDemoLibraryTest\DRYDemoLibraryTest.csproj", "{49FE8940-3CD5-450F-A8FF-0FC40A23762D}"
EndProject
Global
	GlobalSection(SolutionConfigurationPlatforms) = preSolution
		Debug|Any CPU = Debug|Any CPU
		Release|Any CPU = Release|Any CPU
	EndGlobalSection
	GlobalSection(ProjectConfigurationPlatforms) = postSolution
		{2F6C0FB8-C43D-4CB7-A548-1D61C15F10D7}.Debug|Any CPU.ActiveCfg = Debug|Any CPU
		{2F6C0FB8-C43D-4CB7-A548-1D61C15F10D7}.Debug|Any CPU.Build.0 = Debug|Any CPU
		{2F6C0FB8-C43D-4CB7-A548-1D61C15F10D7}.Release|Any CPU.ActiveCfg = Release|Any CPU
		{2F6C0FB8-C43D-4CB7-A548-1D61C15F10D7}.Release|Any CPU.Build.0 = Release|Any CPU
		{8752BDA4-307A-4E8C-886D-AF3276354EDD}.Debug|Any CPU.ActiveCfg = Debug|Any CPU
		{8752BDA4-307A-4E8C-886D-AF3276354EDD}.Debug|Any CPU.Build.0 = Debug|Any CPU
		{8752BDA4-307A-4E8C-886D-AF3276354EDD}.Release|Any CPU.ActiveCfg = Release|Any CPU
		{8752BDA4-307A-4E8C-886D-AF3276354EDD}.Release|Any CPU.Build.0 = Release|Any CPU
		{3AB05DB4-6F8F-4793-A49F-752558188A1A}.Debug|Any CPU.ActiveCfg = Debug|Any CPU
		{3AB05DB4-6F8F-4793-A49F-752558188A1A}.Debug|Any CPU.Build.0 = Debug|Any CPU
		{3AB05DB4-6F8F-4793-A49F-752558188A1A}.Release|Any CPU.ActiveCfg = Release|Any CPU
		{3AB05DB4-6F8F-4793-A49F-752558188A1A}.Release|Any CPU.Build.0 = Release|Any CPU
		{49FE8940-3CD5-450F-A8FF-0FC40A23762D}.Debug|Any CPU.ActiveCfg = Debug|Any CPU
		{49FE8940-3CD5-450F-A8FF-0FC40A23762D}.Debug|Any CPU.Build.0 = Debug|Any CPU
		{49FE8940-3CD5-450F-A8FF-0FC40A23762D}.Release|Any CPU.ActiveCfg = Release|Any CPU
		{49FE8940-3CD5-450F-A8FF-0FC40A23762D}.Release|Any CPU.Build.0 = Release|Any CPU
	EndGlobalSection
	GlobalSection(SolutionProperties) = preSolution
		HideSolutionNode = FALSE
	EndGlobalSection
	GlobalSection(ExtensibilityGlobals) = postSolution
		SolutionGuid = {0BC4BDBC-50E0-4B18-8A70-899DBC7DBF25}
	EndGlobalSection
EndGlobal
